
Microsoft Visual Studio Solution File, Format Version 12.00
# Visual Studio 15
VisualStudioVersion = 15.0.27703.2018
MinimumVisualStudioVersion = 10.0.40219.1
Project("{FAE04EC0-301F-11D3-BF4B-00C04F79EFBC}") = "UDPDeMo.UI", "UDPDeMo.UI\UDPDeMo.UI.csproj", "{F4AD0742-F1DF-4F50-AF32-6EEA9369D496}"
EndProject
Project("{FAE04EC0-301F-11D3-BF4B-00C04F79EFBC}") = "UDPHelper", "UDPHelper\UDPHelper.csproj", "{9065D31D-E671-47FB-941D-402E0C829866}"
EndProject
Global
	GlobalSection(SolutionConfigurationPlatforms) = preSolution
		Debug|Any CPU = Debug|Any CPU
		Release|Any CPU = Release|Any CPU
	EndGlobalSection
	GlobalSection(ProjectConfigurationPlatforms) = postSolution
		{F4AD0742-F1DF-4F50-AF32-6EEA9369D496}.Debug|Any CPU.ActiveCfg = Debug|Any CPU
		{F4AD0742-F1DF-4F50-AF32-6EEA9369D496}.Debug|Any CPU.Build.0 = Debug|Any CPU
		{F4AD0742-F1DF-4F50-AF32-6EEA9369D496}.Release|Any CPU.ActiveCfg = Release|Any CPU
		{F4AD0742-F1DF-4F50-AF32-6EEA9369D496}.Release|Any CPU.Build.0 = Release|Any CPU
		{9065D31D-E671-47FB-941D-402E0C829866}.Debug|Any CPU.ActiveCfg = Debug|Any CPU
		{9065D31D-E671-47FB-941D-402E0C829866}.Debug|Any CPU.Build.0 = Debug|Any CPU
		{9065D31D-E671-47FB-941D-402E0C829866}.Release|Any CPU.ActiveCfg = Release|Any CPU
		{9065D31D-E671-47FB-941D-402E0C829866}.Release|Any CPU.Build.0 = Release|Any CPU
	EndGlobalSection
	GlobalSection(SolutionProperties) = preSolution
		HideSolutionNode = FALSE
	EndGlobalSection
	GlobalSection(ExtensibilityGlobals) = postSolution
		SolutionGuid = {49F1C2B2-3539-49F5-B449-F0065DED89E7}
	EndGlobalSection
EndGlobal
